
Microsoft Visual Studio Solution File, Format Version 12.00
# Visual Studio Version 16
VisualStudioVersion = 16.0.30114.105
MinimumVisualStudioVersion = 10.0.40219.1
Project("{FAE04EC0-301F-11D3-BF4B-00C04F79EFBC}") = "LicensePlate.Core", "LicensePlate.Core\LicensePlate.Core.csproj", "{A444BD97-E19E-4120-86DF-BA7F66CA8DC1}"
EndProject
Project("{FAE04EC0-301F-11D3-BF4B-00C04F79EFBC}") = "LicensePlate.Models", "LicensePlate.Models\LicensePlate.Models.csproj", "{C609E793-6414-4BD6-B8A6-D33CBAE093D4}"
EndProject
Project("{FAE04EC0-301F-11D3-BF4B-00C04F79EFBC}") = "LicensePlate.Site", "LicensePlate.Site\LicensePlate.Site.csproj", "{93C69188-5F1B-43FF-A753-1C80B4DE0954}"
EndProject
Global
	GlobalSection(SolutionConfigurationPlatforms) = preSolution
		Debug|Any CPU = Debug|Any CPU
		Release|Any CPU = Release|Any CPU
	EndGlobalSection
	GlobalSection(SolutionProperties) = preSolution
		HideSolutionNode = FALSE
	EndGlobalSection
	GlobalSection(ProjectConfigurationPlatforms) = postSolution
		{A444BD97-E19E-4120-86DF-BA7F66CA8DC1}.Debug|Any CPU.ActiveCfg = Debug|Any CPU
		{A444BD97-E19E-4120-86DF-BA7F66CA8DC1}.Debug|Any CPU.Build.0 = Debug|Any CPU
		{A444BD97-E19E-4120-86DF-BA7F66CA8DC1}.Release|Any CPU.ActiveCfg = Release|Any CPU
		{A444BD97-E19E-4120-86DF-BA7F66CA8DC1}.Release|Any CPU.Build.0 = Release|Any CPU
		{C609E793-6414-4BD6-B8A6-D33CBAE093D4}.Debug|Any CPU.ActiveCfg = Debug|Any CPU
		{C609E793-6414-4BD6-B8A6-D33CBAE093D4}.Debug|Any CPU.Build.0 = Debug|Any CPU
		{C609E793-6414-4BD6-B8A6-D33CBAE093D4}.Release|Any CPU.ActiveCfg = Release|Any CPU
		{C609E793-6414-4BD6-B8A6-D33CBAE093D4}.Release|Any CPU.Build.0 = Release|Any CPU
		{93C69188-5F1B-43FF-A753-1C80B4DE0954}.Debug|Any CPU.ActiveCfg = Debug|Any CPU
		{93C69188-5F1B-43FF-A753-1C80B4DE0954}.Debug|Any CPU.Build.0 = Debug|Any CPU
		{93C69188-5F1B-43FF-A753-1C80B4DE0954}.Release|Any CPU.ActiveCfg = Release|Any CPU
		{93C69188-5F1B-43FF-A753-1C80B4DE0954}.Release|Any CPU.Build.0 = Release|Any CPU
	EndGlobalSection
EndGlobal
